
Microsoft Visual Studio Solution File, Format Version 12.00
# Visual Studio Version 17
VisualStudioVersion = 17.4.33205.214
MinimumVisualStudioVersion = 10.0.40219.1
Project("{FAE04EC0-301F-11D3-BF4B-00C04F79EFBC}") = "Proyecto", "Proyecto\Proyecto.csproj", "{AC28BEAC-BF8A-4932-BAE2-5133E3C976A2}"
EndProject
Project("{FAE04EC0-301F-11D3-BF4B-00C04F79EFBC}") = "dominio", "dominio\dominio.csproj", "{9F779B2B-A9A3-4C18-9ED9-5315C3B1ABE1}"
EndProject
Project("{FAE04EC0-301F-11D3-BF4B-00C04F79EFBC}") = "negocio", "negocio\negocio.csproj", "{A1F8E4C3-E870-430D-B212-A27E6ABE1C1D}"
EndProject
Global
	GlobalSection(SolutionConfigurationPlatforms) = preSolution
		Debug|Any CPU = Debug|Any CPU
		Release|Any CPU = Release|Any CPU
	EndGlobalSection
	GlobalSection(ProjectConfigurationPlatforms) = postSolution
		{AC28BEAC-BF8A-4932-BAE2-5133E3C976A2}.Debug|Any CPU.ActiveCfg = Debug|Any CPU
		{AC28BEAC-BF8A-4932-BAE2-5133E3C976A2}.Debug|Any CPU.Build.0 = Debug|Any CPU
		{AC28BEAC-BF8A-4932-BAE2-5133E3C976A2}.Release|Any CPU.ActiveCfg = Release|Any CPU
		{AC28BEAC-BF8A-4932-BAE2-5133E3C976A2}.Release|Any CPU.Build.0 = Release|Any CPU
		{9F779B2B-A9A3-4C18-9ED9-5315C3B1ABE1}.Debug|Any CPU.ActiveCfg = Debug|Any CPU
		{9F779B2B-A9A3-4C18-9ED9-5315C3B1ABE1}.Debug|Any CPU.Build.0 = Debug|Any CPU
		{9F779B2B-A9A3-4C18-9ED9-5315C3B1ABE1}.Release|Any CPU.ActiveCfg = Release|Any CPU
		{9F779B2B-A9A3-4C18-9ED9-5315C3B1ABE1}.Release|Any CPU.Build.0 = Release|Any CPU
		{A1F8E4C3-E870-430D-B212-A27E6ABE1C1D}.Debug|Any CPU.ActiveCfg = Debug|Any CPU
		{A1F8E4C3-E870-430D-B212-A27E6ABE1C1D}.Debug|Any CPU.Build.0 = Debug|Any CPU
		{A1F8E4C3-E870-430D-B212-A27E6ABE1C1D}.Release|Any CPU.ActiveCfg = Release|Any CPU
		{A1F8E4C3-E870-430D-B212-A27E6ABE1C1D}.Release|Any CPU.Build.0 = Release|Any CPU
	EndGlobalSection
	GlobalSection(SolutionProperties) = preSolution
		HideSolutionNode = FALSE
	EndGlobalSection
	GlobalSection(ExtensibilityGlobals) = postSolution
		SolutionGuid = {FAA56BAB-10B4-4444-BAFA-F24B17370093}
	EndGlobalSection
EndGlobal
